{
  "name": "jsonrpc",
  "version": "1.0.0",
  "lockfileVersion": 3,
  "requires": true,
  "packages": {
    "": {
      "name": "jsonrpc",
      "version": "1.0.0",
      "license": "ISC",
      "dependencies": {
        "node-dogecoin": "^0.3.9"
      }
    },
    "node_modules/node-dogecoin": {
      "version": "0.3.9",
      "resolved": "https://registry.npmjs.org/node-dogecoin/-/node-dogecoin-0.3.9.tgz",
      "integrity": "sha512-GCQTuNpW46TG63luupytnh1iVhev0S0TzUkU3qC7mk2QVhlqIKNvhWaab+asZrjLXoqbre18nzOwnh1PJpNj8w==",
      "engines": {
        "node": ">= 0.4.0"
      }
    }
  }
}
